
Microsoft Visual Studio Solution File, Format Version 12.00
# Visual Studio Version 17
VisualStudioVersion = 17.11.35222.181
MinimumVisualStudioVersion = 10.0.40219.1
Project("{FAE04EC0-301F-11D3-BF4B-00C04F79EFBC}") = "Order Management", "Order Management.csproj", "{2BF265EB-674A-45FE-92FB-864889F0D942}"
EndProject
Global
	GlobalSection(SolutionConfigurationPlatforms) = preSolution
		Debug|Any CPU = Debug|Any CPU
		Release|Any CPU = Release|Any CPU
	EndGlobalSection
	GlobalSection(ProjectConfigurationPlatforms) = postSolution
		{2BF265EB-674A-45FE-92FB-864889F0D942}.Debug|Any CPU.ActiveCfg = Debug|Any CPU
		{2BF265EB-674A-45FE-92FB-864889F0D942}.Debug|Any CPU.Build.0 = Debug|Any CPU
		{2BF265EB-674A-45FE-92FB-864889F0D942}.Release|Any CPU.ActiveCfg = Release|Any CPU
		{2BF265EB-674A-45FE-92FB-864889F0D942}.Release|Any CPU.Build.0 = Release|Any CPU
	EndGlobalSection
	GlobalSection(SolutionProperties) = preSolution
		HideSolutionNode = FALSE
	EndGlobalSection
	GlobalSection(ExtensibilityGlobals) = postSolution
		SolutionGuid = {122666F8-A78F-4A2A-9F72-BBA6928DA18D}
	EndGlobalSection
EndGlobal
